
Microsoft Visual Studio Solution File, Format Version 11.00
# Visual Studio 2010
Project("{FAE04EC0-301F-11D3-BF4B-00C04F79EFBC}") = "Assembly-CSharp", "Assembly-CSharp.csproj", "{bd683fa5-a344-e6b7-27bf-2b9e009f558d}"
EndProject
Project("{FAE04EC0-301F-11D3-BF4B-00C04F79EFBC}") = "Assembly-CSharp-Editor", "Assembly-CSharp-Editor.csproj", "{f4b06c15-1694-6f87-cdca-aecd70ba2e7a}"
EndProject
Global
	GlobalSection(SolutionConfigurationPlatforms) = preSolution
		Debug|Any CPU = Debug|Any CPU
	EndGlobalSection
	GlobalSection(ProjectConfigurationPlatforms) = postSolution
		{bd683fa5-a344-e6b7-27bf-2b9e009f558d}.Debug|Any CPU.ActiveCfg = Debug|Any CPU
		{bd683fa5-a344-e6b7-27bf-2b9e009f558d}.Debug|Any CPU.Build.0 = Debug|Any CPU
		{f4b06c15-1694-6f87-cdca-aecd70ba2e7a}.Debug|Any CPU.ActiveCfg = Debug|Any CPU
		{f4b06c15-1694-6f87-cdca-aecd70ba2e7a}.Debug|Any CPU.Build.0 = Debug|Any CPU
	EndGlobalSection
	GlobalSection(SolutionProperties) = preSolution
		HideSolutionNode = FALSE
	EndGlobalSection
EndGlobal
